
Microsoft Visual Studio Solution File, Format Version 12.00
# Visual Studio 15
VisualStudioVersion = 15.0.27703.2000
MinimumVisualStudioVersion = 10.0.40219.1
Project("{9A19103F-16F7-4668-BE54-9A1E7A4F7556}") = "AspNetCoreTodo", "AspNetCoreTodo.csproj", "{716EF013-67B1-4E97-9B78-A4714003B744}"
EndProject
Global
	GlobalSection(SolutionConfigurationPlatforms) = preSolution
		Debug|Any CPU = Debug|Any CPU
		Release|Any CPU = Release|Any CPU
	EndGlobalSection
	GlobalSection(ProjectConfigurationPlatforms) = postSolution
		{716EF013-67B1-4E97-9B78-A4714003B744}.Debug|Any CPU.ActiveCfg = Debug|Any CPU
		{716EF013-67B1-4E97-9B78-A4714003B744}.Debug|Any CPU.Build.0 = Debug|Any CPU
		{716EF013-67B1-4E97-9B78-A4714003B744}.Release|Any CPU.ActiveCfg = Release|Any CPU
		{716EF013-67B1-4E97-9B78-A4714003B744}.Release|Any CPU.Build.0 = Release|Any CPU
	EndGlobalSection
	GlobalSection(SolutionProperties) = preSolution
		HideSolutionNode = FALSE
	EndGlobalSection
	GlobalSection(ExtensibilityGlobals) = postSolution
		SolutionGuid = {9192F7F3-374D-4208-A4DA-AD485D130312}
	EndGlobalSection
EndGlobal
